
Microsoft Visual Studio Solution File, Format Version 12.00
# Visual Studio Version 17
VisualStudioVersion = 17.8.34330.188
MinimumVisualStudioVersion = 10.0.40219.1
Project("{FAE04EC0-301F-11D3-BF4B-00C04F79EFBC}") = "MvcChallenge", "MvcChallenge.csproj", "{67333B03-E757-49E9-8D99-3C6D0E7FC9D3}"
EndProject
Project("{FAE04EC0-301F-11D3-BF4B-00C04F79EFBC}") = "Models", "..\Models\Models.csproj", "{5C241165-EFFA-4B8F-B78D-FDB64EF03175}"
EndProject
Project("{FAE04EC0-301F-11D3-BF4B-00C04F79EFBC}") = "Data", "..\Data\Data.csproj", "{0097AEAE-2DB6-47E4-B5C4-E87F2FB443DB}"
EndProject
Global
	GlobalSection(SolutionConfigurationPlatforms) = preSolution
		Debug|Any CPU = Debug|Any CPU
		Release|Any CPU = Release|Any CPU
	EndGlobalSection
	GlobalSection(ProjectConfigurationPlatforms) = postSolution
		{67333B03-E757-49E9-8D99-3C6D0E7FC9D3}.Debug|Any CPU.ActiveCfg = Debug|Any CPU
		{67333B03-E757-49E9-8D99-3C6D0E7FC9D3}.Debug|Any CPU.Build.0 = Debug|Any CPU
		{67333B03-E757-49E9-8D99-3C6D0E7FC9D3}.Release|Any CPU.ActiveCfg = Release|Any CPU
		{67333B03-E757-49E9-8D99-3C6D0E7FC9D3}.Release|Any CPU.Build.0 = Release|Any CPU
		{5C241165-EFFA-4B8F-B78D-FDB64EF03175}.Debug|Any CPU.ActiveCfg = Debug|Any CPU
		{5C241165-EFFA-4B8F-B78D-FDB64EF03175}.Debug|Any CPU.Build.0 = Debug|Any CPU
		{5C241165-EFFA-4B8F-B78D-FDB64EF03175}.Release|Any CPU.ActiveCfg = Release|Any CPU
		{5C241165-EFFA-4B8F-B78D-FDB64EF03175}.Release|Any CPU.Build.0 = Release|Any CPU
		{0097AEAE-2DB6-47E4-B5C4-E87F2FB443DB}.Debug|Any CPU.ActiveCfg = Debug|Any CPU
		{0097AEAE-2DB6-47E4-B5C4-E87F2FB443DB}.Debug|Any CPU.Build.0 = Debug|Any CPU
		{0097AEAE-2DB6-47E4-B5C4-E87F2FB443DB}.Release|Any CPU.ActiveCfg = Release|Any CPU
		{0097AEAE-2DB6-47E4-B5C4-E87F2FB443DB}.Release|Any CPU.Build.0 = Release|Any CPU
	EndGlobalSection
	GlobalSection(SolutionProperties) = preSolution
		HideSolutionNode = FALSE
	EndGlobalSection
	GlobalSection(ExtensibilityGlobals) = postSolution
		SolutionGuid = {3420BC20-644D-423F-BD5E-844814B67B3C}
	EndGlobalSection
EndGlobal
